
Microsoft Visual Studio Solution File, Format Version 12.00
# Visual Studio Version 17
VisualStudioVersion = 17.11.35312.102
MinimumVisualStudioVersion = 10.0.40219.1
Project("{9A19103F-16F7-4668-BE54-9A1E7A4F7556}") = "Core", "Core\Core.csproj", "{CE8B777D-FA5E-431F-A5D0-97CC9457C3BD}"
EndProject
Project("{9A19103F-16F7-4668-BE54-9A1E7A4F7556}") = "DAL", "DAL\DAL.csproj", "{26A58B43-2AD3-4C70-9907-2BA1AB7DAB77}"
EndProject
Project("{9A19103F-16F7-4668-BE54-9A1E7A4F7556}") = "Service", "Service\Service.csproj", "{78AC2807-AFBF-453D-910E-191039C826E5}"
EndProject
Project("{2150E333-8FDC-42A3-9474-1A3956D46DE8}") = "API", "API", "{79DC2FA2-BE7F-4D99-B203-083B16F00D51}"
EndProject
Project("{2150E333-8FDC-42A3-9474-1A3956D46DE8}") = "GateWay", "GateWay", "{CA3F23C3-9651-4FAD-9F8F-D589829FE82D}"
EndProject
Project("{9A19103F-16F7-4668-BE54-9A1E7A4F7556}") = "GateWayErp", "GateWayErp\GateWayErp.csproj", "{4DA1CCF5-869B-4AF3-98C2-C83CFB6C7D5C}"
EndProject
Project("{2150E333-8FDC-42A3-9474-1A3956D46DE8}") = "Microservices", "Microservices", "{4D9AD3C9-C1A7-4A48-9D64-DBE9DD588F14}"
EndProject
Project("{2150E333-8FDC-42A3-9474-1A3956D46DE8}") = "Personnels", "Personnels", "{CE1D2E1F-F865-4880-BE5D-8D55133C9C94}"
EndProject
Project("{2150E333-8FDC-42A3-9474-1A3956D46DE8}") = "Paie", "Paie", "{22625D9B-E9D7-4248-8946-FBA26EE5E667}"
EndProject
Project("{2150E333-8FDC-42A3-9474-1A3956D46DE8}") = "Congé", "Congé", "{A8F1C769-014F-4632-9B75-6F93AA64D65B}"
EndProject
Project("{9A19103F-16F7-4668-BE54-9A1E7A4F7556}") = "Personnel_Select", "Personnel_Select\Personnel_Select.csproj", "{8C5C025C-04B5-45B9-81A5-61D8F433C603}"
EndProject
Project("{9A19103F-16F7-4668-BE54-9A1E7A4F7556}") = "Personnel_MAJ", "Personnel_MAJ\Personnel_MAJ.csproj", "{2BBFFD6F-99B2-4E05-B8F0-74D08C81E1E3}"
EndProject
Project("{FAE04EC0-301F-11D3-BF4B-00C04F79EFBC}") = "CongéMaj", "CongéMaj\CongéMaj.csproj", "{A652C228-2BEB-418F-BC0F-48A0942DC1D5}"
EndProject
Project("{FAE04EC0-301F-11D3-BF4B-00C04F79EFBC}") = "Congé_Select", "Congé_Select\Congé_Select.csproj", "{3793C4D8-45A3-4C38-BD19-9A22528405A3}"
EndProject
Project("{FAE04EC0-301F-11D3-BF4B-00C04F79EFBC}") = "Paie_Select", "Paie_Select\Paie_Select.csproj", "{10D86B04-3D0E-4CCE-9391-B66666DFECB7}"
EndProject
Project("{FAE04EC0-301F-11D3-BF4B-00C04F79EFBC}") = "PaieMaj", "PaieMaj\PaieMaj.csproj", "{F3BB540F-3644-4171-BA4C-8AA65948C653}"
EndProject
Global
	GlobalSection(SolutionConfigurationPlatforms) = preSolution
		Debug|Any CPU = Debug|Any CPU
		Release|Any CPU = Release|Any CPU
	EndGlobalSection
	GlobalSection(ProjectConfigurationPlatforms) = postSolution
		{CE8B777D-FA5E-431F-A5D0-97CC9457C3BD}.Debug|Any CPU.ActiveCfg = Debug|Any CPU
		{CE8B777D-FA5E-431F-A5D0-97CC9457C3BD}.Debug|Any CPU.Build.0 = Debug|Any CPU
		{CE8B777D-FA5E-431F-A5D0-97CC9457C3BD}.Release|Any CPU.ActiveCfg = Release|Any CPU
		{CE8B777D-FA5E-431F-A5D0-97CC9457C3BD}.Release|Any CPU.Build.0 = Release|Any CPU
		{26A58B43-2AD3-4C70-9907-2BA1AB7DAB77}.Debug|Any CPU.ActiveCfg = Debug|Any CPU
		{26A58B43-2AD3-4C70-9907-2BA1AB7DAB77}.Debug|Any CPU.Build.0 = Debug|Any CPU
		{26A58B43-2AD3-4C70-9907-2BA1AB7DAB77}.Release|Any CPU.ActiveCfg = Release|Any CPU
		{26A58B43-2AD3-4C70-9907-2BA1AB7DAB77}.Release|Any CPU.Build.0 = Release|Any CPU
		{78AC2807-AFBF-453D-910E-191039C826E5}.Debug|Any CPU.ActiveCfg = Debug|Any CPU
		{78AC2807-AFBF-453D-910E-191039C826E5}.Debug|Any CPU.Build.0 = Debug|Any CPU
		{78AC2807-AFBF-453D-910E-191039C826E5}.Release|Any CPU.ActiveCfg = Release|Any CPU
		{78AC2807-AFBF-453D-910E-191039C826E5}.Release|Any CPU.Build.0 = Release|Any CPU
		{4DA1CCF5-869B-4AF3-98C2-C83CFB6C7D5C}.Debug|Any CPU.ActiveCfg = Debug|Any CPU
		{4DA1CCF5-869B-4AF3-98C2-C83CFB6C7D5C}.Debug|Any CPU.Build.0 = Debug|Any CPU
		{4DA1CCF5-869B-4AF3-98C2-C83CFB6C7D5C}.Release|Any CPU.ActiveCfg = Release|Any CPU
		{4DA1CCF5-869B-4AF3-98C2-C83CFB6C7D5C}.Release|Any CPU.Build.0 = Release|Any CPU
		{8C5C025C-04B5-45B9-81A5-61D8F433C603}.Debug|Any CPU.ActiveCfg = Debug|Any CPU
		{8C5C025C-04B5-45B9-81A5-61D8F433C603}.Debug|Any CPU.Build.0 = Debug|Any CPU
		{8C5C025C-04B5-45B9-81A5-61D8F433C603}.Release|Any CPU.ActiveCfg = Release|Any CPU
		{8C5C025C-04B5-45B9-81A5-61D8F433C603}.Release|Any CPU.Build.0 = Release|Any CPU
		{2BBFFD6F-99B2-4E05-B8F0-74D08C81E1E3}.Debug|Any CPU.ActiveCfg = Debug|Any CPU
		{2BBFFD6F-99B2-4E05-B8F0-74D08C81E1E3}.Debug|Any CPU.Build.0 = Debug|Any CPU
		{2BBFFD6F-99B2-4E05-B8F0-74D08C81E1E3}.Release|Any CPU.ActiveCfg = Release|Any CPU
		{2BBFFD6F-99B2-4E05-B8F0-74D08C81E1E3}.Release|Any CPU.Build.0 = Release|Any CPU
		{A652C228-2BEB-418F-BC0F-48A0942DC1D5}.Debug|Any CPU.ActiveCfg = Debug|Any CPU
		{A652C228-2BEB-418F-BC0F-48A0942DC1D5}.Debug|Any CPU.Build.0 = Debug|Any CPU
		{A652C228-2BEB-418F-BC0F-48A0942DC1D5}.Release|Any CPU.ActiveCfg = Release|Any CPU
		{A652C228-2BEB-418F-BC0F-48A0942DC1D5}.Release|Any CPU.Build.0 = Release|Any CPU
		{3793C4D8-45A3-4C38-BD19-9A22528405A3}.Debug|Any CPU.ActiveCfg = Debug|Any CPU
		{3793C4D8-45A3-4C38-BD19-9A22528405A3}.Debug|Any CPU.Build.0 = Debug|Any CPU
		{3793C4D8-45A3-4C38-BD19-9A22528405A3}.Release|Any CPU.ActiveCfg = Release|Any CPU
		{3793C4D8-45A3-4C38-BD19-9A22528405A3}.Release|Any CPU.Build.0 = Release|Any CPU
		{10D86B04-3D0E-4CCE-9391-B66666DFECB7}.Debug|Any CPU.ActiveCfg = Debug|Any CPU
		{10D86B04-3D0E-4CCE-9391-B66666DFECB7}.Debug|Any CPU.Build.0 = Debug|Any CPU
		{10D86B04-3D0E-4CCE-9391-B66666DFECB7}.Release|Any CPU.ActiveCfg = Release|Any CPU
		{10D86B04-3D0E-4CCE-9391-B66666DFECB7}.Release|Any CPU.Build.0 = Release|Any CPU
		{F3BB540F-3644-4171-BA4C-8AA65948C653}.Debug|Any CPU.ActiveCfg = Debug|Any CPU
		{F3BB540F-3644-4171-BA4C-8AA65948C653}.Debug|Any CPU.Build.0 = Debug|Any CPU
		{F3BB540F-3644-4171-BA4C-8AA65948C653}.Release|Any CPU.ActiveCfg = Release|Any CPU
		{F3BB540F-3644-4171-BA4C-8AA65948C653}.Release|Any CPU.Build.0 = Release|Any CPU
	EndGlobalSection
	GlobalSection(SolutionProperties) = preSolution
		HideSolutionNode = FALSE
	EndGlobalSection
	GlobalSection(NestedProjects) = preSolution
		{CA3F23C3-9651-4FAD-9F8F-D589829FE82D} = {79DC2FA2-BE7F-4D99-B203-083B16F00D51}
		{4DA1CCF5-869B-4AF3-98C2-C83CFB6C7D5C} = {CA3F23C3-9651-4FAD-9F8F-D589829FE82D}
		{4D9AD3C9-C1A7-4A48-9D64-DBE9DD588F14} = {79DC2FA2-BE7F-4D99-B203-083B16F00D51}
		{CE1D2E1F-F865-4880-BE5D-8D55133C9C94} = {4D9AD3C9-C1A7-4A48-9D64-DBE9DD588F14}
		{22625D9B-E9D7-4248-8946-FBA26EE5E667} = {4D9AD3C9-C1A7-4A48-9D64-DBE9DD588F14}
		{A8F1C769-014F-4632-9B75-6F93AA64D65B} = {4D9AD3C9-C1A7-4A48-9D64-DBE9DD588F14}
		{8C5C025C-04B5-45B9-81A5-61D8F433C603} = {CE1D2E1F-F865-4880-BE5D-8D55133C9C94}
		{2BBFFD6F-99B2-4E05-B8F0-74D08C81E1E3} = {CE1D2E1F-F865-4880-BE5D-8D55133C9C94}
		{A652C228-2BEB-418F-BC0F-48A0942DC1D5} = {A8F1C769-014F-4632-9B75-6F93AA64D65B}
		{3793C4D8-45A3-4C38-BD19-9A22528405A3} = {A8F1C769-014F-4632-9B75-6F93AA64D65B}
		{10D86B04-3D0E-4CCE-9391-B66666DFECB7} = {22625D9B-E9D7-4248-8946-FBA26EE5E667}
		{F3BB540F-3644-4171-BA4C-8AA65948C653} = {22625D9B-E9D7-4248-8946-FBA26EE5E667}
	EndGlobalSection
	GlobalSection(ExtensibilityGlobals) = postSolution
		SolutionGuid = {DC38871A-E0F1-4F7E-822F-FEABC609CB68}
	EndGlobalSection
EndGlobal
